
Microsoft Visual Studio Solution File, Format Version 12.00
# Visual Studio 2013
VisualStudioVersion = 12.0.21005.1
MinimumVisualStudioVersion = 10.0.40219.1
Project("{2150E333-8FDC-42A3-9474-1A3956D46DE8}") = "Editor", "Editor", "{89E58CA0-8438-45F6-992C-E44F3A0B58FA}"
	ProjectSection(SolutionItems) = preProject
		editor.html = editor.html
	EndProjectSection
EndProject
Project("{2150E333-8FDC-42A3-9474-1A3956D46DE8}") = "Theater", "Theater", "{64EA6005-E987-4B9E-BC12-0AD7A283A5F3}"
	ProjectSection(SolutionItems) = preProject
		theater.html = theater.html
	EndProjectSection
EndProject
Project("{2150E333-8FDC-42A3-9474-1A3956D46DE8}") = "Presentation", "Presentation", "{DBD82CB9-419A-4833-B1A3-F1245AD70925}"
	ProjectSection(SolutionItems) = preProject
		presentation.html = presentation.html
	EndProjectSection
EndProject
Global
	GlobalSection(SolutionProperties) = preSolution
		HideSolutionNode = FALSE
	EndGlobalSection
EndGlobal
